
Microsoft Visual Studio Solution File, Format Version 12.00
Project("{FAE04EC0-301F-11D3-BF4B-00C04F79EFBC}") = "BindingRedirectorByVersion", "BindingRedirectorByVersion\BindingRedirectorByVersion.csproj", "{96EDED85-29C0-4FC9-A40A-2290409D4E71}"
EndProject
Project("{FAE04EC0-301F-11D3-BF4B-00C04F79EFBC}") = "Target", "Target\Target.csproj", "{13C1AD84-87CA-49FE-9E1E-2C775C3D22B8}"
	ProjectSection(ProjectDependencies) = postProject
		{45A162BE-480A-44D5-84CD-844DB38B11FA} = {45A162BE-480A-44D5-84CD-844DB38B11FA}
		{9C6EF69F-6CE9-4EC1-A952-B3E8C7788900} = {9C6EF69F-6CE9-4EC1-A952-B3E8C7788900}
		{E17AE7CA-F4B1-4B7D-B425-DFEFD7EB45DD} = {E17AE7CA-F4B1-4B7D-B425-DFEFD7EB45DD}
	EndProjectSection
EndProject
Project("{FAE04EC0-301F-11D3-BF4B-00C04F79EFBC}") = "Version1", "Version1\Version1.csproj", "{45A162BE-480A-44D5-84CD-844DB38B11FA}"
EndProject
Project("{FAE04EC0-301F-11D3-BF4B-00C04F79EFBC}") = "Version2", "Version2\Version2.csproj", "{9C6EF69F-6CE9-4EC1-A952-B3E8C7788900}"
EndProject
Project("{FAE04EC0-301F-11D3-BF4B-00C04F79EFBC}") = "VersionRepacked", "VersionRepacked\VersionRepacked.csproj", "{E17AE7CA-F4B1-4B7D-B425-DFEFD7EB45DD}"
EndProject
Project("{FAE04EC0-301F-11D3-BF4B-00C04F79EFBC}") = "BindingRedirectorByVersionAndToken", "BindingRedirectorByVersionAndToken\BindingRedirectorByVersionAndToken.csproj", "{FBFA3AE5-1303-426B-95DF-E96ED7C0F0A2}"
EndProject
Global
	GlobalSection(SolutionConfigurationPlatforms) = preSolution
		Debug|Any CPU = Debug|Any CPU
		Release|Any CPU = Release|Any CPU
	EndGlobalSection
	GlobalSection(ProjectConfigurationPlatforms) = postSolution
		{96EDED85-29C0-4FC9-A40A-2290409D4E71}.Debug|Any CPU.ActiveCfg = Debug|Any CPU
		{96EDED85-29C0-4FC9-A40A-2290409D4E71}.Debug|Any CPU.Build.0 = Debug|Any CPU
		{96EDED85-29C0-4FC9-A40A-2290409D4E71}.Release|Any CPU.ActiveCfg = Release|Any CPU
		{96EDED85-29C0-4FC9-A40A-2290409D4E71}.Release|Any CPU.Build.0 = Release|Any CPU
		{13C1AD84-87CA-49FE-9E1E-2C775C3D22B8}.Debug|Any CPU.ActiveCfg = Debug|Any CPU
		{13C1AD84-87CA-49FE-9E1E-2C775C3D22B8}.Debug|Any CPU.Build.0 = Debug|Any CPU
		{13C1AD84-87CA-49FE-9E1E-2C775C3D22B8}.Release|Any CPU.ActiveCfg = Release|Any CPU
		{13C1AD84-87CA-49FE-9E1E-2C775C3D22B8}.Release|Any CPU.Build.0 = Release|Any CPU
		{45A162BE-480A-44D5-84CD-844DB38B11FA}.Debug|Any CPU.ActiveCfg = Debug|Any CPU
		{45A162BE-480A-44D5-84CD-844DB38B11FA}.Debug|Any CPU.Build.0 = Debug|Any CPU
		{45A162BE-480A-44D5-84CD-844DB38B11FA}.Release|Any CPU.ActiveCfg = Release|Any CPU
		{45A162BE-480A-44D5-84CD-844DB38B11FA}.Release|Any CPU.Build.0 = Release|Any CPU
		{9C6EF69F-6CE9-4EC1-A952-B3E8C7788900}.Debug|Any CPU.ActiveCfg = Debug|Any CPU
		{9C6EF69F-6CE9-4EC1-A952-B3E8C7788900}.Debug|Any CPU.Build.0 = Debug|Any CPU
		{9C6EF69F-6CE9-4EC1-A952-B3E8C7788900}.Release|Any CPU.ActiveCfg = Release|Any CPU
		{9C6EF69F-6CE9-4EC1-A952-B3E8C7788900}.Release|Any CPU.Build.0 = Release|Any CPU
		{E17AE7CA-F4B1-4B7D-B425-DFEFD7EB45DD}.Debug|Any CPU.ActiveCfg = Debug|Any CPU
		{E17AE7CA-F4B1-4B7D-B425-DFEFD7EB45DD}.Debug|Any CPU.Build.0 = Debug|Any CPU
		{E17AE7CA-F4B1-4B7D-B425-DFEFD7EB45DD}.Release|Any CPU.ActiveCfg = Release|Any CPU
		{E17AE7CA-F4B1-4B7D-B425-DFEFD7EB45DD}.Release|Any CPU.Build.0 = Release|Any CPU
		{FBFA3AE5-1303-426B-95DF-E96ED7C0F0A2}.Debug|Any CPU.ActiveCfg = Debug|Any CPU
		{FBFA3AE5-1303-426B-95DF-E96ED7C0F0A2}.Debug|Any CPU.Build.0 = Debug|Any CPU
		{FBFA3AE5-1303-426B-95DF-E96ED7C0F0A2}.Release|Any CPU.ActiveCfg = Release|Any CPU
		{FBFA3AE5-1303-426B-95DF-E96ED7C0F0A2}.Release|Any CPU.Build.0 = Release|Any CPU
	EndGlobalSection
EndGlobal
